// !$*UTF8*$!
{
	archiveVersion = 1;
	classes = {
	};
	objectVersion = 46;
	objects = {

/* Begin PBXBuildFile section */
		522EFA5C1CE46FA7005D2322 /* parser.c in Sources */ = {isa = PBXBuildFile; fileRef = 522EFA5A1CE46AF5005D2322 /* parser.c */; settings = {ASSET_TAGS = (); }; };
		522EFA6E1CE479EA005D2322 /* lexicalanalyzer.c in Sources */ = {isa = PBXBuildFile; fileRef = 522EFA6D1CE479EA005D2322 /* lexicalanalyzer.c */; settings = {ASSET_TAGS = (); }; };
/* End PBXBuildFile section */

/* Begin PBXCopyFilesBuildPhase section */
		522EFA4B1CE458BE005D2322 /* CopyFiles */ = {
			isa = PBXCopyFilesBuildPhase;
			buildActionMask = 2147483647;
			dstPath = /usr/share/man/man1/;
			dstSubfolderSpec = 0;
			files = (
			);
			runOnlyForDeploymentPostprocessing = 1;
		};
		522EFA5F1CE46FD7005D2322 /* CopyFiles */ = {
			isa = PBXCopyFilesBuildPhase;
			buildActionMask = 2147483647;
			dstPath = /usr/share/man/man1/;
			dstSubfolderSpec = 0;
			files = (
			);
			runOnlyForDeploymentPostprocessing = 1;
		};
/* End PBXCopyFilesBuildPhase section */

/* Begin PBXFileReference section */
		522EFA4D1CE458BE005D2322 /* calcdemo */ = {isa = PBXFileReference; explicitFileType = "compiled.mach-o.executable"; includeInIndex = 0; path = calcdemo; sourceTree = BUILT_PRODUCTS_DIR; };
		522EFA571CE458D1005D2322 /* token.h */ = {isa = PBXFileReference; lastKnownFileType = sourcecode.c.h; path = token.h; sourceTree = "<group>"; };
		522EFA5A1CE46AF5005D2322 /* parser.c */ = {isa = PBXFileReference; fileEncoding = 4; lastKnownFileType = sourcecode.c.c; path = parser.c; sourceTree = "<group>"; usesTabs = 0; };
		522EFA611CE46FD7005D2322 /* calc */ = {isa = PBXFileReference; explicitFileType = "compiled.mach-o.executable"; includeInIndex = 0; path = calc; sourceTree = BUILT_PRODUCTS_DIR; };
		522EFA6D1CE479EA005D2322 /* lexicalanalyzer.c */ = {isa = PBXFileReference; fileEncoding = 4; lastKnownFileType = sourcecode.c.c; path = lexicalanalyzer.c; sourceTree = "<group>"; };
/* End PBXFileReference section */

/* Begin PBXFrameworksBuildPhase section */
		522EFA4A1CE458BE005D2322 /* Frameworks */ = {
			isa = PBXFrameworksBuildPhase;
			buildActionMask = 2147483647;
			files = (
			);
			runOnlyForDeploymentPostprocessing = 0;
		};
		522EFA5E1CE46FD7005D2322 /* Frameworks */ = {
			isa = PBXFrameworksBuildPhase;
			buildActionMask = 2147483647;
			files = (
			);
			runOnlyForDeploymentPostprocessing = 0;
		};
/* End PBXFrameworksBuildPhase section */

/* Begin PBXGroup section */
		522EFA441CE458BE005D2322 = {
			isa = PBXGroup;
			children = (
				522EFA4F1CE458BE005D2322 /* calcdemo */,
				522EFA4E1CE458BE005D2322 /* Products */,
			);
			sourceTree = "<group>";
		};
		522EFA4E1CE458BE005D2322 /* Products */ = {
			isa = PBXGroup;
			children = (
				522EFA4D1CE458BE005D2322 /* calcdemo */,
				522EFA611CE46FD7005D2322 /* calc */,
			);
			name = Products;
			sourceTree = "<group>";
		};
		522EFA4F1CE458BE005D2322 /* calcdemo */ = {
			isa = PBXGroup;
			children = (
				522EFA6D1CE479EA005D2322 /* lexicalanalyzer.c */,
				522EFA571CE458D1005D2322 /* token.h */,
				522EFA5A1CE46AF5005D2322 /* parser.c */,
			);
			path = calcdemo;
			sourceTree = "<group>";
		};
/* End PBXGroup section */

/* Begin PBXNativeTarget section */
		522EFA4C1CE458BE005D2322 /* calcdemo */ = {
			isa = PBXNativeTarget;
			buildConfigurationList = 522EFA541CE458BE005D2322 /* Build configuration list for PBXNativeTarget "calcdemo" */;
			buildPhases = (
				522EFA491CE458BE005D2322 /* Sources */,
				522EFA4A1CE458BE005D2322 /* Frameworks */,
				522EFA4B1CE458BE005D2322 /* CopyFiles */,
			);
			buildRules = (
			);
			dependencies = (
			);
			name = calcdemo;
			productName = calcdemo;
			productReference = 522EFA4D1CE458BE005D2322 /* calcdemo */;
			productType = "com.apple.product-type.tool";
		};
		522EFA601CE46FD7005D2322 /* calc */ = {
			isa = PBXNativeTarget;
			buildConfigurationList = 522EFA651CE46FD7005D2322 /* Build configuration list for PBXNativeTarget "calc" */;
			buildPhases = (
				522EFA5D1CE46FD7005D2322 /* Sources */,
				522EFA5E1CE46FD7005D2322 /* Frameworks */,
				522EFA5F1CE46FD7005D2322 /* CopyFiles */,
			);
			buildRules = (
			);
			dependencies = (
			);
			name = calc;
			productName = calc;
			productReference = 522EFA611CE46FD7005D2322 /* calc */;
			productType = "com.apple.product-type.tool";
		};
/* End PBXNativeTarget section */

/* Begin PBXProject section */
		522EFA451CE458BE005D2322 /* Project object */ = {
			isa = PBXProject;
			attributes = {
				LastUpgradeCheck = 0700;
				ORGANIZATIONNAME = "刘丰恺";
				TargetAttributes = {
					522EFA4C1CE458BE005D2322 = {
						CreatedOnToolsVersion = 7.0;
					};
					522EFA601CE46FD7005D2322 = {
						CreatedOnToolsVersion = 7.0;
					};
				};
			};
			buildConfigurationList = 522EFA481CE458BE005D2322 /* Build configuration list for PBXProject "calcdemo" */;
			compatibilityVersion = "Xcode 3.2";
			developmentRegion = English;
			hasScannedForEncodings = 0;
			knownRegions = (
				en,
			);
			mainGroup = 522EFA441CE458BE005D2322;
			productRefGroup = 522EFA4E1CE458BE005D2322 /* Products */;
			projectDirPath = "";
			projectRoot = "";
			targets = (
				522EFA4C1CE458BE005D2322 /* calcdemo */,
				522EFA601CE46FD7005D2322 /* calc */,
			);
		};
/* End PBXProject section */

/* Begin PBXSourcesBuildPhase section */
		522EFA491CE458BE005D2322 /* Sources */ = {
			isa = PBXSourcesBuildPhase;
			buildActionMask = 2147483647;
			files = (
				522EFA6E1CE479EA005D2322 /* lexicalanalyzer.c in Sources */,
				522EFA5C1CE46FA7005D2322 /* parser.c in Sources */,
			);
			runOnlyForDeploymentPostprocessing = 0;
		};
		522EFA5D1CE46FD7005D2322 /* Sources */ = {
			isa = PBXSourcesBuildPhase;
			buildActionMask = 2147483647;
			files = (
			);
			runOnlyForDeploymentPostprocessing = 0;
		};
/* End PBXSourcesBuildPhase section */

/* Begin XCBuildConfiguration section */
		522EFA521CE458BE005D2322 /* Debug */ = {
			isa = XCBuildConfiguration;
			buildSettings = {
				ALWAYS_SEARCH_USER_PATHS = NO;
				CLANG_CXX_LANGUAGE_STANDARD = "gnu++0x";
				CLANG_CXX_LIBRARY = "libc++";
				CLANG_ENABLE_MODULES = YES;
				CLANG_ENABLE_OBJC_ARC = YES;
				CLANG_WARN_BOOL_CONVERSION = YES;
				CLANG_WARN_CONSTANT_CONVERSION = YES;
				CLANG_WARN_DIRECT_OBJC_ISA_USAGE = YES_ERROR;
				CLANG_WARN_EMPTY_BODY = YES;
				CLANG_WARN_ENUM_CONVERSION = YES;
				CLANG_WARN_INT_CONVERSION = YES;
				CLANG_WARN_OBJC_ROOT_CLASS = YES_ERROR;
				CLANG_WARN_UNREACHABLE_CODE = YES;
				CLANG_WARN__DUPLICATE_METHOD_MATCH = YES;
				COPY_PHASE_STRIP = NO;
				DEBUG_INFORMATION_FORMAT = dwarf;
				ENABLE_STRICT_OBJC_MSGSEND = YES;
				ENABLE_TESTABILITY = YES;
				GCC_C_LANGUAGE_STANDARD = gnu99;
				GCC_DYNAMIC_NO_PIC = NO;
				GCC_NO_COMMON_BLOCKS = YES;
				GCC_OPTIMIZATION_LEVEL = 0;
				GCC_PREPROCESSOR_DEFINITIONS = (
					"DEBUG=1",
					"$(inherited)",
				);
				GCC_WARN_64_TO_32_BIT_CONVERSION = YES;
				GCC_WARN_ABOUT_RETURN_TYPE = YES_ERROR;
				GCC_WARN_UNDECLARED_SELECTOR = YES;
				GCC_WARN_UNINITIALIZED_AUTOS = YES_AGGRESSIVE;
				GCC_WARN_UNUSED_FUNCTION = YES;
				GCC_WARN_UNUSED_VARIABLE = YES;
				MACOSX_DEPLOYMENT_TARGET = 10.11;
				MTL_ENABLE_DEBUG_INFO = YES;
				ONLY_ACTIVE_ARCH = YES;
				SDKROOT = macosx;
			};
			name = Debug;
		};
		522EFA531CE458BE005D2322 /* Release */ = {
			isa = XCBuildConfiguration;
			buildSettings = {
				ALWAYS_SEARCH_USER_PATHS = NO;
				CLANG_CXX_LANGUAGE_STANDARD = "gnu++0x";
				CLANG_CXX_LIBRARY = "libc++";
				CLANG_ENABLE_MODULES = YES;
				CLANG_ENABLE_OBJC_ARC = YES;
				CLANG_WARN_BOOL_CONVERSION = YES;
				CLANG_WARN_CONSTANT_CONVERSION = YES;
				CLANG_WARN_DIRECT_OBJC_ISA_USAGE = YES_ERROR;
				CLANG_WARN_EMPTY_BODY = YES;
				CLANG_WARN_ENUM_CONVERSION = YES;
				CLANG_WARN_INT_CONVERSION = YES;
				CLANG_WARN_OBJC_ROOT_CLASS = YES_ERROR;
				CLANG_WARN_UNREACHABLE_CODE = YES;
				CLANG_WARN__DUPLICATE_METHOD_MATCH = YES;
				COPY_PHASE_STRIP = NO;
				DEBUG_INFORMATION_FORMAT = "dwarf-with-dsym";
				ENABLE_NS_ASSERTIONS = NO;
				ENABLE_STRICT_OBJC_MSGSEND = YES;
				GCC_C_LANGUAGE_STANDARD = gnu99;
				GCC_NO_COMMON_BLOCKS = YES;
				GCC_WARN_64_TO_32_BIT_CONVERSION = YES;
				GCC_WARN_ABOUT_RETURN_TYPE = YES_ERROR;
				GCC_WARN_UNDECLARED_SELECTOR = YES;
				GCC_WARN_UNINITIALIZED_AUTOS = YES_AGGRESSIVE;
				GCC_WARN_UNUSED_FUNCTION = YES;
				GCC_WARN_UNUSED_VARIABLE = YES;
				MACOSX_DEPLOYMENT_TARGET = 10.11;
				MTL_ENABLE_DEBUG_INFO = NO;
				SDKROOT = macosx;
			};
			name = Release;
		};
		522EFA551CE458BE005D2322 /* Debug */ = {
			isa = XCBuildConfiguration;
			buildSettings = {
				PRODUCT_NAME = "$(TARGET_NAME)";
			};
			name = Debug;
		};
		522EFA561CE458BE005D2322 /* Release */ = {
			isa = XCBuildConfiguration;
			buildSettings = {
				PRODUCT_NAME = "$(TARGET_NAME)";
			};
			name = Release;
		};
		522EFA661CE46FD7005D2322 /* Debug */ = {
			isa = XCBuildConfiguration;
			buildSettings = {
				PRODUCT_NAME = "$(TARGET_NAME)";
			};
			name = Debug;
		};
		522EFA671CE46FD7005D2322 /* Release */ = {
			isa = XCBuildConfiguration;
			buildSettings = {
				PRODUCT_NAME = "$(TARGET_NAME)";
			};
			name = Release;
		};
/* End XCBuildConfiguration section */

/* Begin XCConfigurationList section */
		522EFA481CE458BE005D2322 /* Build configuration list for PBXProject "calcdemo" */ = {
			isa = XCConfigurationList;
			buildConfigurations = (
				522EFA521CE458BE005D2322 /* Debug */,
				522EFA531CE458BE005D2322 /* Release */,
			);
			defaultConfigurationIsVisible = 0;
			defaultConfigurationName = Release;
		};
		522EFA541CE458BE005D2322 /* Build configuration list for PBXNativeTarget "calcdemo" */ = {
			isa = XCConfigurationList;
			buildConfigurations = (
				522EFA551CE458BE005D2322 /* Debug */,
				522EFA561CE458BE005D2322 /* Release */,
			);
			defaultConfigurationIsVisible = 0;
		};
		522EFA651CE46FD7005D2322 /* Build configuration list for PBXNativeTarget "calc" */ = {
			isa = XCConfigurationList;
			buildConfigurations = (
				522EFA661CE46FD7005D2322 /* Debug */,
				522EFA671CE46FD7005D2322 /* Release */,
			);
			defaultConfigurationIsVisible = 0;
		};
/* End XCConfigurationList section */
	};
	rootObject = 522EFA451CE458BE005D2322 /* Project object */;
}
